
Microsoft Visual Studio Solution File, Format Version 12.00
# Visual Studio Version 17
VisualStudioVersion = 17.9.34616.47
MinimumVisualStudioVersion = 10.0.40219.1
Project("{9A19103F-16F7-4668-BE54-9A1E7A4F7556}") = "WpfImageCarousel", "WpfImageCarousel\WpfImageCarousel.csproj", "{75F5959E-40B1-49D4-A7E8-EE2B41D33EE5}"
EndProject
Project("{9A19103F-16F7-4668-BE54-9A1E7A4F7556}") = "WpfImageCarousel.Support", "WpfImageCarousel.Support\WpfImageCarousel.Support.csproj", "{64B28478-9B2D-4D95-9948-ED02364523FA}"
EndProject
Project("{9A19103F-16F7-4668-BE54-9A1E7A4F7556}") = "WpfImageCarousel.Forms", "WpfImageCarousel.Forms\WpfImageCarousel.Forms.csproj", "{6EB66A7B-A785-4FC9-90D0-087E81E85838}"
EndProject
Project("{9A19103F-16F7-4668-BE54-9A1E7A4F7556}") = "WpfImageCarousel.Main", "WpfImageCarousel.Main\WpfImageCarousel.Main.csproj", "{EC509146-35A9-4F1E-9ABC-480621739974}"
EndProject
Project("{9A19103F-16F7-4668-BE54-9A1E7A4F7556}") = "KimRobote.Wpf", "Kimrobote.Wpf\KimRobote.Wpf.csproj", "{245049DA-CBDB-4516-848E-449870619F96}"
EndProject
Project("{9A19103F-16F7-4668-BE54-9A1E7A4F7556}") = "WpfImageCarousel.Support.Test", "WpfImageCarousel.Support.Test\WpfImageCarousel.Support.Test.csproj", "{06CEB237-9DCF-47D3-9FCE-B0292E3B7068}"
EndProject
Global
	GlobalSection(SolutionConfigurationPlatforms) = preSolution
		Debug|Any CPU = Debug|Any CPU
		Release|Any CPU = Release|Any CPU
	EndGlobalSection
	GlobalSection(ProjectConfigurationPlatforms) = postSolution
		{75F5959E-40B1-49D4-A7E8-EE2B41D33EE5}.Debug|Any CPU.ActiveCfg = Debug|Any CPU
		{75F5959E-40B1-49D4-A7E8-EE2B41D33EE5}.Debug|Any CPU.Build.0 = Debug|Any CPU
		{75F5959E-40B1-49D4-A7E8-EE2B41D33EE5}.Release|Any CPU.ActiveCfg = Release|Any CPU
		{75F5959E-40B1-49D4-A7E8-EE2B41D33EE5}.Release|Any CPU.Build.0 = Release|Any CPU
		{64B28478-9B2D-4D95-9948-ED02364523FA}.Debug|Any CPU.ActiveCfg = Debug|Any CPU
		{64B28478-9B2D-4D95-9948-ED02364523FA}.Debug|Any CPU.Build.0 = Debug|Any CPU
		{64B28478-9B2D-4D95-9948-ED02364523FA}.Release|Any CPU.ActiveCfg = Release|Any CPU
		{64B28478-9B2D-4D95-9948-ED02364523FA}.Release|Any CPU.Build.0 = Release|Any CPU
		{6EB66A7B-A785-4FC9-90D0-087E81E85838}.Debug|Any CPU.ActiveCfg = Debug|Any CPU
		{6EB66A7B-A785-4FC9-90D0-087E81E85838}.Debug|Any CPU.Build.0 = Debug|Any CPU
		{6EB66A7B-A785-4FC9-90D0-087E81E85838}.Release|Any CPU.ActiveCfg = Release|Any CPU
		{6EB66A7B-A785-4FC9-90D0-087E81E85838}.Release|Any CPU.Build.0 = Release|Any CPU
		{EC509146-35A9-4F1E-9ABC-480621739974}.Debug|Any CPU.ActiveCfg = Debug|Any CPU
		{EC509146-35A9-4F1E-9ABC-480621739974}.Debug|Any CPU.Build.0 = Debug|Any CPU
		{EC509146-35A9-4F1E-9ABC-480621739974}.Release|Any CPU.ActiveCfg = Release|Any CPU
		{EC509146-35A9-4F1E-9ABC-480621739974}.Release|Any CPU.Build.0 = Release|Any CPU
		{245049DA-CBDB-4516-848E-449870619F96}.Debug|Any CPU.ActiveCfg = Debug|Any CPU
		{245049DA-CBDB-4516-848E-449870619F96}.Debug|Any CPU.Build.0 = Debug|Any CPU
		{245049DA-CBDB-4516-848E-449870619F96}.Release|Any CPU.ActiveCfg = Release|Any CPU
		{245049DA-CBDB-4516-848E-449870619F96}.Release|Any CPU.Build.0 = Release|Any CPU
		{06CEB237-9DCF-47D3-9FCE-B0292E3B7068}.Debug|Any CPU.ActiveCfg = Debug|Any CPU
		{06CEB237-9DCF-47D3-9FCE-B0292E3B7068}.Debug|Any CPU.Build.0 = Debug|Any CPU
		{06CEB237-9DCF-47D3-9FCE-B0292E3B7068}.Release|Any CPU.ActiveCfg = Release|Any CPU
		{06CEB237-9DCF-47D3-9FCE-B0292E3B7068}.Release|Any CPU.Build.0 = Release|Any CPU
	EndGlobalSection
	GlobalSection(SolutionProperties) = preSolution
		HideSolutionNode = FALSE
	EndGlobalSection
	GlobalSection(ExtensibilityGlobals) = postSolution
		SolutionGuid = {B3A9269C-856E-4EA1-8ADC-62827E0BC0C1}
	EndGlobalSection
EndGlobal
